# This file is automatically @generated by Cargo.
# It is not intended for manual editing.
version = 3

[[package]]
name = "either"
version = "1.7.0"
source = "registry+https://github.com/rust-lang/crates.io-index"
checksum = "3f107b87b6afc2a64fd13cac55fe06d6c8859f12d4b14cbcdd2c67d0976781be"

[[package]]
name = "itertools"
version = "0.5.10"
source = "registry+https://github.com/rust-lang/crates.io-index"
checksum = "4833d6978da405305126af4ac88569b5d71ff758581ce5a987dbfa3755f694fc"
dependencies = [
 "either",
]

[[package]]
name = "sbasic"
version = "0.1.0"
dependencies = [
 "itertools",
]
